
Microsoft Visual Studio Solution File, Format Version 12.00
# Visual Studio 15
VisualStudioVersion = 15.0.27004.2010
MinimumVisualStudioVersion = 10.0.40219.1
Project("{9A19103F-16F7-4668-BE54-9A1E7A4F7556}") = "Hangfire.MaxConcurrentExecutions", "Hangfire.MaxConcurrentExecutions\Hangfire.MaxConcurrentExecutions.csproj", "{4611EC2F-48FD-4561-8388-74525EC0A406}"
EndProject
Global
	GlobalSection(SolutionConfigurationPlatforms) = preSolution
		Debug|Any CPU = Debug|Any CPU
		Release|Any CPU = Release|Any CPU
	EndGlobalSection
	GlobalSection(ProjectConfigurationPlatforms) = postSolution
		{4611EC2F-48FD-4561-8388-74525EC0A406}.Debug|Any CPU.ActiveCfg = Debug|Any CPU
		{4611EC2F-48FD-4561-8388-74525EC0A406}.Debug|Any CPU.Build.0 = Debug|Any CPU
		{4611EC2F-48FD-4561-8388-74525EC0A406}.Release|Any CPU.ActiveCfg = Release|Any CPU
		{4611EC2F-48FD-4561-8388-74525EC0A406}.Release|Any CPU.Build.0 = Release|Any CPU
	EndGlobalSection
	GlobalSection(SolutionProperties) = preSolution
		HideSolutionNode = FALSE
	EndGlobalSection
	GlobalSection(ExtensibilityGlobals) = postSolution
		SolutionGuid = {C1EAA59B-65BB-48D3-9784-C7C8F1CEC549}
	EndGlobalSection
EndGlobal
